
Microsoft Visual Studio Solution File, Format Version 12.00
# Visual Studio Version 17
VisualStudioVersion = 17.11.35327.3
MinimumVisualStudioVersion = 10.0.40219.1
Project("{8BC9CEB8-8B4A-11D0-8D11-00A0C91BC942}") = "main-project", "main-project\main-project.vcxproj", "{D59E4FDE-B921-44D6-9FEF-96D03C10C12A}"
EndProject
Global
	GlobalSection(SolutionConfigurationPlatforms) = preSolution
		Debug|x64 = Debug|x64
		Debug|x86 = Debug|x86
		Release|x64 = Release|x64
		Release|x86 = Release|x86
	EndGlobalSection
	GlobalSection(ProjectConfigurationPlatforms) = postSolution
		{D59E4FDE-B921-44D6-9FEF-96D03C10C12A}.Debug|x64.ActiveCfg = Debug|x64
		{D59E4FDE-B921-44D6-9FEF-96D03C10C12A}.Debug|x64.Build.0 = Debug|x64
		{D59E4FDE-B921-44D6-9FEF-96D03C10C12A}.Debug|x86.ActiveCfg = Debug|Win32
		{D59E4FDE-B921-44D6-9FEF-96D03C10C12A}.Debug|x86.Build.0 = Debug|Win32
		{D59E4FDE-B921-44D6-9FEF-96D03C10C12A}.Release|x64.ActiveCfg = Release|x64
		{D59E4FDE-B921-44D6-9FEF-96D03C10C12A}.Release|x64.Build.0 = Release|x64
		{D59E4FDE-B921-44D6-9FEF-96D03C10C12A}.Release|x86.ActiveCfg = Release|Win32
		{D59E4FDE-B921-44D6-9FEF-96D03C10C12A}.Release|x86.Build.0 = Release|Win32
	EndGlobalSection
	GlobalSection(SolutionProperties) = preSolution
		HideSolutionNode = FALSE
	EndGlobalSection
	GlobalSection(ExtensibilityGlobals) = postSolution
		SolutionGuid = {75CB9092-9135-4FA1-93DF-39D134B21775}
	EndGlobalSection
EndGlobal
